
Microsoft Visual Studio Solution File, Format Version 12.00
# Visual Studio Version 17
VisualStudioVersion = 17.0.31903.59
MinimumVisualStudioVersion = 10.0.40219.1
Project("{FAE04EC0-301F-11D3-BF4B-00C04F79EFBC}") = "TileBuilders", "TileBuilders\TileBuilders.csproj", "{73A27B5D-163B-19E7-518E-7F4B8E266031}"
EndProject
Project("{FAE04EC0-301F-11D3-BF4B-00C04F79EFBC}") = "Interfaces", "Interfaces\Interfaces.csproj", "{C82175DB-FDAF-36DF-F55D-B0F96F20AF6D}"
EndProject
Project("{FAE04EC0-301F-11D3-BF4B-00C04F79EFBC}") = "DebugTools", "DebugTools\DebugTools.csproj", "{09FE07BA-FF96-6727-D705-EFD397FBEF28}"
EndProject
Project("{FAE04EC0-301F-11D3-BF4B-00C04F79EFBC}") = "LasUtility", "..\..\LasUtility\LasUtility\LasUtility.csproj", "{7D69350E-106D-A4E1-9A48-75D77766925D}"
EndProject
Project("{FAE04EC0-301F-11D3-BF4B-00C04F79EFBC}") = "Tiles", "Tiles\Tiles.csproj", "{251D6883-839F-4333-1233-0119E5772C69}"
EndProject
Global
	GlobalSection(SolutionConfigurationPlatforms) = preSolution
		Debug|Any CPU = Debug|Any CPU
		Release|Any CPU = Release|Any CPU
	EndGlobalSection
	GlobalSection(ProjectConfigurationPlatforms) = postSolution
		{73A27B5D-163B-19E7-518E-7F4B8E266031}.Debug|Any CPU.ActiveCfg = Debug|Any CPU
		{73A27B5D-163B-19E7-518E-7F4B8E266031}.Debug|Any CPU.Build.0 = Debug|Any CPU
		{73A27B5D-163B-19E7-518E-7F4B8E266031}.Release|Any CPU.ActiveCfg = Release|Any CPU
		{73A27B5D-163B-19E7-518E-7F4B8E266031}.Release|Any CPU.Build.0 = Release|Any CPU
		{C82175DB-FDAF-36DF-F55D-B0F96F20AF6D}.Debug|Any CPU.ActiveCfg = Debug|Any CPU
		{C82175DB-FDAF-36DF-F55D-B0F96F20AF6D}.Debug|Any CPU.Build.0 = Debug|Any CPU
		{C82175DB-FDAF-36DF-F55D-B0F96F20AF6D}.Release|Any CPU.ActiveCfg = Release|Any CPU
		{C82175DB-FDAF-36DF-F55D-B0F96F20AF6D}.Release|Any CPU.Build.0 = Release|Any CPU
		{09FE07BA-FF96-6727-D705-EFD397FBEF28}.Debug|Any CPU.ActiveCfg = Debug|Any CPU
		{09FE07BA-FF96-6727-D705-EFD397FBEF28}.Debug|Any CPU.Build.0 = Debug|Any CPU
		{09FE07BA-FF96-6727-D705-EFD397FBEF28}.Release|Any CPU.ActiveCfg = Release|Any CPU
		{09FE07BA-FF96-6727-D705-EFD397FBEF28}.Release|Any CPU.Build.0 = Release|Any CPU
		{7D69350E-106D-A4E1-9A48-75D77766925D}.Debug|Any CPU.ActiveCfg = Debug|Any CPU
		{7D69350E-106D-A4E1-9A48-75D77766925D}.Debug|Any CPU.Build.0 = Debug|Any CPU
		{7D69350E-106D-A4E1-9A48-75D77766925D}.Release|Any CPU.ActiveCfg = Release|Any CPU
		{7D69350E-106D-A4E1-9A48-75D77766925D}.Release|Any CPU.Build.0 = Release|Any CPU
		{251D6883-839F-4333-1233-0119E5772C69}.Debug|Any CPU.ActiveCfg = Debug|Any CPU
		{251D6883-839F-4333-1233-0119E5772C69}.Debug|Any CPU.Build.0 = Debug|Any CPU
		{251D6883-839F-4333-1233-0119E5772C69}.Release|Any CPU.ActiveCfg = Release|Any CPU
		{251D6883-839F-4333-1233-0119E5772C69}.Release|Any CPU.Build.0 = Release|Any CPU
	EndGlobalSection
	GlobalSection(SolutionProperties) = preSolution
		HideSolutionNode = FALSE
	EndGlobalSection
	GlobalSection(ExtensibilityGlobals) = postSolution
		SolutionGuid = {83F84391-3E5F-4714-886C-B74037A3134D}
	EndGlobalSection
EndGlobal
